
Microsoft Visual Studio Solution File, Format Version 12.00
# Visual Studio Version 17
VisualStudioVersion = 17.9.34723.18
MinimumVisualStudioVersion = 10.0.40219.1
Project("{FAE04EC0-301F-11D3-BF4B-00C04F79EFBC}") = "MVCSampleApp", "MVCSampleApp.csproj", "{F4F76E0E-A133-4EC7-9FAD-6B266FB274B3}"
EndProject
Global
	GlobalSection(SolutionConfigurationPlatforms) = preSolution
		Debug|Any CPU = Debug|Any CPU
		Release|Any CPU = Release|Any CPU
	EndGlobalSection
	GlobalSection(ProjectConfigurationPlatforms) = postSolution
		{F4F76E0E-A133-4EC7-9FAD-6B266FB274B3}.Debug|Any CPU.ActiveCfg = Debug|Any CPU
		{F4F76E0E-A133-4EC7-9FAD-6B266FB274B3}.Debug|Any CPU.Build.0 = Debug|Any CPU
		{F4F76E0E-A133-4EC7-9FAD-6B266FB274B3}.Release|Any CPU.ActiveCfg = Release|Any CPU
		{F4F76E0E-A133-4EC7-9FAD-6B266FB274B3}.Release|Any CPU.Build.0 = Release|Any CPU
		{A498CAEC-90D6-47CF-B4A7-9CC14829E193}.Debug|Any CPU.ActiveCfg = Debug|Any CPU
		{A498CAEC-90D6-47CF-B4A7-9CC14829E193}.Debug|Any CPU.Build.0 = Debug|Any CPU
		{A498CAEC-90D6-47CF-B4A7-9CC14829E193}.Release|Any CPU.ActiveCfg = Release|Any CPU
		{A498CAEC-90D6-47CF-B4A7-9CC14829E193}.Release|Any CPU.Build.0 = Release|Any CPU
	EndGlobalSection
	GlobalSection(SolutionProperties) = preSolution
		HideSolutionNode = FALSE
	EndGlobalSection
	GlobalSection(ExtensibilityGlobals) = postSolution
		SolutionGuid = {A7BEB94C-51F0-403B-88AE-C1A12FE9E077}
	EndGlobalSection
EndGlobal
